
Microsoft Visual Studio Solution File, Format Version 12.00
# Visual Studio 15
VisualStudioVersion = 15.0.27130.2020
MinimumVisualStudioVersion = 10.0.40219.1
Project("{FAE04EC0-301F-11D3-BF4B-00C04F79EFBC}") = "groundproject", "WebApplication2\groundproject.csproj", "{653C709B-F402-4062-BCFF-5D08468A9BD6}"
EndProject
Project("{FAE04EC0-301F-11D3-BF4B-00C04F79EFBC}") = "BOL", "BOL\BOL.csproj", "{B25F5E49-239F-4963-95FD-CD2A33014F60}"
EndProject
Project("{FAE04EC0-301F-11D3-BF4B-00C04F79EFBC}") = "BLL", "BLL\BLL.csproj", "{96447EC4-2FC3-4BF9-8102-E92DB89967ED}"
EndProject
Project("{FAE04EC0-301F-11D3-BF4B-00C04F79EFBC}") = "DAL", "DAL\DAL.csproj", "{6F8D4C28-8C61-4880-860C-04484996548E}"
EndProject
Global
	GlobalSection(SolutionConfigurationPlatforms) = preSolution
		Debug|Any CPU = Debug|Any CPU
		Release|Any CPU = Release|Any CPU
	EndGlobalSection
	GlobalSection(ProjectConfigurationPlatforms) = postSolution
		{653C709B-F402-4062-BCFF-5D08468A9BD6}.Debug|Any CPU.ActiveCfg = Debug|Any CPU
		{653C709B-F402-4062-BCFF-5D08468A9BD6}.Debug|Any CPU.Build.0 = Debug|Any CPU
		{653C709B-F402-4062-BCFF-5D08468A9BD6}.Release|Any CPU.ActiveCfg = Release|Any CPU
		{653C709B-F402-4062-BCFF-5D08468A9BD6}.Release|Any CPU.Build.0 = Release|Any CPU
		{B25F5E49-239F-4963-95FD-CD2A33014F60}.Debug|Any CPU.ActiveCfg = Debug|Any CPU
		{B25F5E49-239F-4963-95FD-CD2A33014F60}.Debug|Any CPU.Build.0 = Debug|Any CPU
		{B25F5E49-239F-4963-95FD-CD2A33014F60}.Release|Any CPU.ActiveCfg = Release|Any CPU
		{B25F5E49-239F-4963-95FD-CD2A33014F60}.Release|Any CPU.Build.0 = Release|Any CPU
		{96447EC4-2FC3-4BF9-8102-E92DB89967ED}.Debug|Any CPU.ActiveCfg = Debug|Any CPU
		{96447EC4-2FC3-4BF9-8102-E92DB89967ED}.Debug|Any CPU.Build.0 = Debug|Any CPU
		{96447EC4-2FC3-4BF9-8102-E92DB89967ED}.Release|Any CPU.ActiveCfg = Release|Any CPU
		{96447EC4-2FC3-4BF9-8102-E92DB89967ED}.Release|Any CPU.Build.0 = Release|Any CPU
		{6F8D4C28-8C61-4880-860C-04484996548E}.Debug|Any CPU.ActiveCfg = Debug|Any CPU
		{6F8D4C28-8C61-4880-860C-04484996548E}.Debug|Any CPU.Build.0 = Debug|Any CPU
		{6F8D4C28-8C61-4880-860C-04484996548E}.Release|Any CPU.ActiveCfg = Release|Any CPU
		{6F8D4C28-8C61-4880-860C-04484996548E}.Release|Any CPU.Build.0 = Release|Any CPU
	EndGlobalSection
	GlobalSection(SolutionProperties) = preSolution
		HideSolutionNode = FALSE
	EndGlobalSection
	GlobalSection(ExtensibilityGlobals) = postSolution
		SolutionGuid = {A6053926-80A0-4F91-8923-526ABA9A9DAA}
	EndGlobalSection
EndGlobal
